<?xml version="1.0" encoding="utf-8"?>
<Project ToolsVersion="4.0" xmlns="http://schemas.microsoft.com/developer/msbuild/2003">
  <ItemGroup>
    <Filter Include="Исходные файлы">
      <UniqueIdentifier>{4FC737F1-C7A5-4376-A066-2A32D752A2FF}</UniqueIdentifier>
      <Extensions>cpp;c;cc;cxx;c++;cppm;ixx;def;odl;idl;hpj;bat;asm;asmx</Extensions>
    </Filter>
    <Filter Include="Файлы заголовков">
      <UniqueIdentifier>{93995380-89BD-4b04-88EB-625FBE52EBFB}</UniqueIdentifier>
      <Extensions>h;hh;hpp;hxx;h++;hm;inl;inc;ipp;xsd</Extensions>
    </Filter>
    <Filter Include="Файлы ресурсов">
      <UniqueIdentifier>{67DA6AB6-F800-4c08-8B7A-83BB121AAD01}</UniqueIdentifier>
      <Extensions>rc;ico;cur;bmp;dlg;rc2;rct;bin;rgs;gif;jpg;jpeg;jpe;resx;tiff;tif;png;wav;mfcribbon-ms</Extensions>
    </Filter>
    <Filter Include="Include">
      <UniqueIdentifier>{d7bfff81-55ce-47ce-b672-08b5e885f72d}</UniqueIdentifier>
    </Filter>
    <Filter Include="Source">
      <UniqueIdentifier>{2222bada-dfce-4d3b-aacb-dd706f8e0929}</UniqueIdentifier>
    </Filter>
    <Filter Include="Include\Core">
      <UniqueIdentifier>{1b12d236-0b4c-4b1a-a2a4-e75e7759e358}</UniqueIdentifier>
    </Filter>
    <Filter Include="Source\Core">
      <UniqueIdentifier>{5d9cdc05-10e3-4cba-b965-caf27fbadc9d}</UniqueIdentifier>
    </Filter>
    <Filter Include="Include\Window">
      <UniqueIdentifier>{706f7c0d-2592-4f83-bd72-fcffb9191ca5}</UniqueIdentifier>
    </Filter>
    <Filter Include="Source\Window">
      <UniqueIdentifier>{50d32c96-ef90-4946-ac04-a9342ea1fdbd}</UniqueIdentifier>
    </Filter>
    <Filter Include="Include\Input">
      <UniqueIdentifier>{eaa52082-7bd5-4a2f-b3de-b5ec9ee0c062}</UniqueIdentifier>
    </Filter>
    <Filter Include="Source\Input">
      <UniqueIdentifier>{20b37996-9179-4665-b0d9-3ae4ea8d8193}</UniqueIdentifier>
    </Filter>
    <Filter Include="Include\Renderer">
      <UniqueIdentifier>{8af97885-6b27-4393-8ffd-b8a86c359e43}</UniqueIdentifier>
    </Filter>
    <Filter Include="Source\Renderer">
      <UniqueIdentifier>{3c9289b3-66d5-4670-bb03-d5322a66f551}</UniqueIdentifier>
    </Filter>
    <Filter Include="Include\glad">
      <UniqueIdentifier>{21b14a92-6813-4bc8-a66a-880587bb5288}</UniqueIdentifier>
    </Filter>
    <Filter Include="Source\glad">
      <UniqueIdentifier>{8456f7c8-1c1b-4feb-82f8-7e05ffa3c9c5}</UniqueIdentifier>
    </Filter>
    <Filter Include="Include\Event">
      <UniqueIdentifier>{740d5c8d-68d7-4771-aaf0-5bdeac373950}</UniqueIdentifier>
    </Filter>
    <Filter Include="Source\stb">
      <UniqueIdentifier>{3cdd1162-157c-485b-9a07-40676de7c9c3}</UniqueIdentifier>
    </Filter>
    <Filter Include="Include\UI">
      <UniqueIdentifier>{39f0143a-236e-4296-86e1-338ed153be6b}</UniqueIdentifier>
    </Filter>
    <Filter Include="Source\UI">
      <UniqueIdentifier>{9f4d0208-f839-4aef-9f7a-bb74e62d8f32}</UniqueIdentifier>
    </Filter>
    <Filter Include="Include\Lua">
      <UniqueIdentifier>{837a237f-90a8-4296-ae4e-bae2ed97101c}</UniqueIdentifier>
    </Filter>
    <Filter Include="Include\Resource">
      <UniqueIdentifier>{8db97276-eab4-42ac-98d8-077536e4b156}</UniqueIdentifier>
    </Filter>
    <Filter Include="Include\Scene">
      <UniqueIdentifier>{288964ab-c231-4fbe-9e9a-7771131812cb}</UniqueIdentifier>
    </Filter>
    <Filter Include="Source\Lua">
      <UniqueIdentifier>{ab1ebb1d-65a6-4ee6-aab4-872ce0a7e01d}</UniqueIdentifier>
    </Filter>
    <Filter Include="Source\LuaManager">
      <UniqueIdentifier>{a38f03db-c2e8-4bdb-8a75-5531f1832add}</UniqueIdentifier>
    </Filter>
    <Filter Include="Source\Resource">
      <UniqueIdentifier>{a78a92b7-186b-40e4-b969-0046aba6c3e6}</UniqueIdentifier>
    </Filter>
    <Filter Include="Source\Scene">
      <UniqueIdentifier>{f4971a79-4ea8-4958-8e14-72cf54fe08a0}</UniqueIdentifier>
    </Filter>
    <Filter Include="Include\Input\KeyCode">
      <UniqueIdentifier>{71a6a4f7-6ceb-4d73-a838-bcc99b0d642a}</UniqueIdentifier>
    </Filter>
  </ItemGroup>
  <ItemGroup>
    <ClInclude Include="framework.h">
      <Filter>Файлы заголовков</Filter>
    </ClInclude>
    <ClInclude Include="pch.h">
      <Filter>Файлы заголовков</Filter>
    </ClInclude>
    <ClInclude Include="Include\Core\Engine.h">
      <Filter>Include\Core</Filter>
    </ClInclude>
    <ClInclude Include="Include\Core\Log.h">
      <Filter>Include\Core</Filter>
    </ClInclude>
    <ClInclude Include="Include\Core\Application.h">
      <Filter>Include\Core</Filter>
    </ClInclude>
    <ClInclude Include="Include\Core\EntryPoint.h">
      <Filter>Include\Core</Filter>
    </ClInclude>
    <ClInclude Include="Include\Core\Timer.h">
      <Filter>Include\Core</Filter>
    </ClInclude>
    <ClInclude Include="Include\Window\Window.h">
      <Filter>Include\Window</Filter>
    </ClInclude>
    <ClInclude Include="Include\Input\Input.h">
      <Filter>Include\Input</Filter>
    </ClInclude>
    <ClInclude Include="Include\Renderer\Renderer.h">
      <Filter>Include\Renderer</Filter>
    </ClInclude>
    <ClInclude Include="Include\glad\gl.h">
      <Filter>Include\glad</Filter>
    </ClInclude>
    <ClInclude Include="Include\glad\khrplatform.h">
      <Filter>Include\glad</Filter>
    </ClInclude>
    <ClInclude Include="Include\Renderer\GraphicsContext.h">
      <Filter>Include\Renderer</Filter>
    </ClInclude>
    <ClInclude Include="Include\Event\Event.h">
      <Filter>Include\Event</Filter>
    </ClInclude>
    <ClInclude Include="Include\Renderer\Shader.h">
      <Filter>Include\Renderer</Filter>
    </ClInclude>
    <ClInclude Include="Include\Renderer\VertexBuffer.h">
      <Filter>Include\Renderer</Filter>
    </ClInclude>
    <ClInclude Include="Include\Renderer\IndexBuffer.h">
      <Filter>Include\Renderer</Filter>
    </ClInclude>
    <ClInclude Include="Include\Renderer\VertexArray.h">
      <Filter>Include\Renderer</Filter>
    </ClInclude>
    <ClInclude Include="Include\Renderer\Camera.h">
      <Filter>Include\Renderer</Filter>
    </ClInclude>
    <ClInclude Include="Include\Renderer\Texture2D.h">
      <Filter>Include\Renderer</Filter>
    </ClInclude>
    <ClInclude Include="Source\stb\stb_image.h">
      <Filter>Source\stb</Filter>
    </ClInclude>
    <ClInclude Include="..\Libraries\lua\src\lapi.h">
      <Filter>Source\Lua</Filter>
    </ClInclude>
    <ClInclude Include="..\Libraries\lua\src\lauxlib.h">
      <Filter>Source\Lua</Filter>
    </ClInclude>
    <ClInclude Include="..\Libraries\lua\src\lcode.h">
      <Filter>Source\Lua</Filter>
    </ClInclude>
    <ClInclude Include="..\Libraries\lua\src\lctype.h">
      <Filter>Source\Lua</Filter>
    </ClInclude>
    <ClInclude Include="..\Libraries\lua\src\ldebug.h">
      <Filter>Source\Lua</Filter>
    </ClInclude>
    <ClInclude Include="..\Libraries\lua\src\ldo.h">
      <Filter>Source\Lua</Filter>
    </ClInclude>
    <ClInclude Include="..\Libraries\lua\src\lfunc.h">
      <Filter>Source\Lua</Filter>
    </ClInclude>
    <ClInclude Include="..\Libraries\lua\src\lgc.h">
      <Filter>Source\Lua</Filter>
    </ClInclude>
    <ClInclude Include="..\Libraries\lua\src\ljumptab.h">
      <Filter>Source\Lua</Filter>
    </ClInclude>
    <ClInclude Include="..\Libraries\lua\src\llex.h">
      <Filter>Source\Lua</Filter>
    </ClInclude>
    <ClInclude Include="..\Libraries\lua\src\llimits.h">
      <Filter>Source\Lua</Filter>
    </ClInclude>
    <ClInclude Include="..\Libraries\lua\src\lmem.h">
      <Filter>Source\Lua</Filter>
    </ClInclude>
    <ClInclude Include="..\Libraries\lua\src\lobject.h">
      <Filter>Source\Lua</Filter>
    </ClInclude>
    <ClInclude Include="..\Libraries\lua\src\lopcodes.h">
      <Filter>Source\Lua</Filter>
    </ClInclude>
    <ClInclude Include="..\Libraries\lua\src\lopnames.h">
      <Filter>Source\Lua</Filter>
    </ClInclude>
    <ClInclude Include="..\Libraries\lua\src\lparser.h">
      <Filter>Source\Lua</Filter>
    </ClInclude>
    <ClInclude Include="..\Libraries\lua\src\lprefix.h">
      <Filter>Source\Lua</Filter>
    </ClInclude>
    <ClInclude Include="..\Libraries\lua\src\lstate.h">
      <Filter>Source\Lua</Filter>
    </ClInclude>
    <ClInclude Include="..\Libraries\lua\src\lstring.h">
      <Filter>Source\Lua</Filter>
    </ClInclude>
    <ClInclude Include="..\Libraries\lua\src\ltable.h">
      <Filter>Source\Lua</Filter>
    </ClInclude>
    <ClInclude Include="..\Libraries\lua\src\ltm.h">
      <Filter>Source\Lua</Filter>
    </ClInclude>
    <ClInclude Include="..\Libraries\lua\src\lua.h">
      <Filter>Source\Lua</Filter>
    </ClInclude>
    <ClInclude Include="..\Libraries\lua\src\lua.hpp">
      <Filter>Source\Lua</Filter>
    </ClInclude>
    <ClInclude Include="..\Libraries\lua\src\luaconf.h">
      <Filter>Source\Lua</Filter>
    </ClInclude>
    <ClInclude Include="..\Libraries\lua\src\lualib.h">
      <Filter>Source\Lua</Filter>
    </ClInclude>
    <ClInclude Include="..\Libraries\lua\src\lundump.h">
      <Filter>Source\Lua</Filter>
    </ClInclude>
    <ClInclude Include="..\Libraries\lua\src\lvm.h">
      <Filter>Source\Lua</Filter>
    </ClInclude>
    <ClInclude Include="..\Libraries\lua\src\lzio.h">
      <Filter>Source\Lua</Filter>
    </ClInclude>
    <ClInclude Include="Include\Renderer\SpriteRenderer.h">
      <Filter>Include\Renderer</Filter>
    </ClInclude>
    <ClInclude Include="Include\Renderer\OrthographicCamera.h">
      <Filter>Include\Renderer</Filter>
    </ClInclude>
    <ClInclude Include="Source\stb\stb_truetype.h">
      <Filter>Source\stb</Filter>
    </ClInclude>
    <ClInclude Include="Include\Renderer\Font.h">
      <Filter>Include\Renderer</Filter>
    </ClInclude>
    <ClInclude Include="Include\Renderer\TextRenderer.h">
      <Filter>Include\Renderer</Filter>
    </ClInclude>
    <ClInclude Include="Include\UI\Button.h">
      <Filter>Include\UI</Filter>
    </ClInclude>
    <ClInclude Include="Include\UI\Anchor.h">
      <Filter>Include\UI</Filter>
    </ClInclude>
    <ClInclude Include="Include\Scene\Component.h">
      <Filter>Include\Scene</Filter>
    </ClInclude>
    <ClInclude Include="Include\Scene\GameObject.h">
      <Filter>Include\Scene</Filter>
    </ClInclude>
    <ClInclude Include="Include\Scene\Scene.h">
      <Filter>Include\Scene</Filter>
    </ClInclude>
    <ClInclude Include="Include\Scene\ScriptComponent.h">
      <Filter>Include\Scene</Filter>
    </ClInclude>
    <ClInclude Include="Include\Scene\Transform.h">
      <Filter>Include\Scene</Filter>
    </ClInclude>
    <ClInclude Include="Include\Resource\ResourceManager.h">
      <Filter>Include\Resource</Filter>
    </ClInclude>
    <ClInclude Include="Include\Resource\ResourcePool.h">
      <Filter>Include\Resource</Filter>
    </ClInclude>
    <ClInclude Include="Include\Lua\LuaBindings.h">
      <Filter>Include\Lua</Filter>
    </ClInclude>
    <ClInclude Include="Include\Lua\LuaManager.h">
      <Filter>Include\Lua</Filter>
    </ClInclude>
    <ClInclude Include="Include\Input\KeyCode\KeyCodes.h">
      <Filter>Include\Input\KeyCode</Filter>
    </ClInclude>
    <ClInclude Include="Include\Input\InputSystem.h">
      <Filter>Include\Input</Filter>
    </ClInclude>
    <ClInclude Include="Include\Lua\LuaInputBindings.h">
      <Filter>Include\Lua</Filter>
    </ClInclude>
    <ClInclude Include="Include\Lua\LuaFuncBindings.h">
      <Filter>Include\Lua</Filter>
    </ClInclude>
    <ClInclude Include="Include\Lua\LuaComponentBindings.h">
      <Filter>Include\Lua</Filter>
    </ClInclude>
    <ClInclude Include="Include\Lua\LuaClassBindings.h">
      <Filter>Include\Lua</Filter>
    </ClInclude>
    <ClInclude Include="Include\Lua\LuaCameraBindings.h">
      <Filter>Include\Lua</Filter>
    </ClInclude>
  </ItemGroup>
  <ItemGroup>
    <ClCompile Include="pch.cpp">
      <Filter>Исходные файлы</Filter>
    </ClCompile>
    <ClCompile Include="Engine.cpp">
      <Filter>Исходные файлы</Filter>
    </ClCompile>
    <ClCompile Include="Source\Core\Log.cpp">
      <Filter>Source\Core</Filter>
    </ClCompile>
    <ClCompile Include="Source\Window\Window.cpp">
      <Filter>Source\Window</Filter>
    </ClCompile>
    <ClCompile Include="Source\Input\Input.cpp">
      <Filter>Source\Input</Filter>
    </ClCompile>
    <ClCompile Include="Source\Renderer\Renderer.cpp">
      <Filter>Source\Renderer</Filter>
    </ClCompile>
    <ClCompile Include="Source\glad\gl.c">
      <Filter>Source\glad</Filter>
    </ClCompile>
    <ClCompile Include="Source\Renderer\GraphicsContext.cpp">
      <Filter>Source\Renderer</Filter>
    </ClCompile>
    <ClCompile Include="Source\Renderer\Shader.cpp">
      <Filter>Source\Renderer</Filter>
    </ClCompile>
    <ClCompile Include="Source\Renderer\VertexBuffer.cpp">
      <Filter>Source\Renderer</Filter>
    </ClCompile>
    <ClCompile Include="Source\Renderer\IndexBuffer.cpp">
      <Filter>Source\Renderer</Filter>
    </ClCompile>
    <ClCompile Include="Source\Renderer\VertexArray.cpp">
      <Filter>Source\Renderer</Filter>
    </ClCompile>
    <ClCompile Include="Source\Renderer\Camera.cpp">
      <Filter>Source\Renderer</Filter>
    </ClCompile>
    <ClCompile Include="Source\Renderer\Texture2D.cpp">
      <Filter>Source\Renderer</Filter>
    </ClCompile>
    <ClCompile Include="Source\stb\stb_image.cpp">
      <Filter>Source\stb</Filter>
    </ClCompile>
    <ClCompile Include="..\Libraries\lua\src\lapi.c">
      <Filter>Source\Lua</Filter>
    </ClCompile>
    <ClCompile Include="..\Libraries\lua\src\lauxlib.c">
      <Filter>Source\Lua</Filter>
    </ClCompile>
    <ClCompile Include="..\Libraries\lua\src\lbaselib.c">
      <Filter>Source\Lua</Filter>
    </ClCompile>
    <ClCompile Include="..\Libraries\lua\src\lcode.c">
      <Filter>Source\Lua</Filter>
    </ClCompile>
    <ClCompile Include="..\Libraries\lua\src\lcorolib.c">
      <Filter>Source\Lua</Filter>
    </ClCompile>
    <ClCompile Include="..\Libraries\lua\src\lctype.c">
      <Filter>Source\Lua</Filter>
    </ClCompile>
    <ClCompile Include="..\Libraries\lua\src\ldblib.c">
      <Filter>Source\Lua</Filter>
    </ClCompile>
    <ClCompile Include="..\Libraries\lua\src\ldebug.c">
      <Filter>Source\Lua</Filter>
    </ClCompile>
    <ClCompile Include="..\Libraries\lua\src\ldo.c">
      <Filter>Source\Lua</Filter>
    </ClCompile>
    <ClCompile Include="..\Libraries\lua\src\ldump.c">
      <Filter>Source\Lua</Filter>
    </ClCompile>
    <ClCompile Include="..\Libraries\lua\src\lfunc.c">
      <Filter>Source\Lua</Filter>
    </ClCompile>
    <ClCompile Include="..\Libraries\lua\src\lgc.c">
      <Filter>Source\Lua</Filter>
    </ClCompile>
    <ClCompile Include="..\Libraries\lua\src\linit.c">
      <Filter>Source\Lua</Filter>
    </ClCompile>
    <ClCompile Include="..\Libraries\lua\src\liolib.c">
      <Filter>Source\Lua</Filter>
    </ClCompile>
    <ClCompile Include="..\Libraries\lua\src\llex.c">
      <Filter>Source\Lua</Filter>
    </ClCompile>
    <ClCompile Include="..\Libraries\lua\src\lmathlib.c">
      <Filter>Source\Lua</Filter>
    </ClCompile>
    <ClCompile Include="..\Libraries\lua\src\lmem.c">
      <Filter>Source\Lua</Filter>
    </ClCompile>
    <ClCompile Include="..\Libraries\lua\src\loadlib.c">
      <Filter>Source\Lua</Filter>
    </ClCompile>
    <ClCompile Include="..\Libraries\lua\src\lobject.c">
      <Filter>Source\Lua</Filter>
    </ClCompile>
    <ClCompile Include="..\Libraries\lua\src\lopcodes.c">
      <Filter>Source\Lua</Filter>
    </ClCompile>
    <ClCompile Include="..\Libraries\lua\src\loslib.c">
      <Filter>Source\Lua</Filter>
    </ClCompile>
    <ClCompile Include="..\Libraries\lua\src\lparser.c">
      <Filter>Source\Lua</Filter>
    </ClCompile>
    <ClCompile Include="..\Libraries\lua\src\lstate.c">
      <Filter>Source\Lua</Filter>
    </ClCompile>
    <ClCompile Include="..\Libraries\lua\src\lstring.c">
      <Filter>Source\Lua</Filter>
    </ClCompile>
    <ClCompile Include="..\Libraries\lua\src\lstrlib.c">
      <Filter>Source\Lua</Filter>
    </ClCompile>
    <ClCompile Include="..\Libraries\lua\src\ltable.c">
      <Filter>Source\Lua</Filter>
    </ClCompile>
    <ClCompile Include="..\Libraries\lua\src\ltablib.c">
      <Filter>Source\Lua</Filter>
    </ClCompile>
    <ClCompile Include="..\Libraries\lua\src\ltm.c">
      <Filter>Source\Lua</Filter>
    </ClCompile>
    <ClCompile Include="..\Libraries\lua\src\lundump.c">
      <Filter>Source\Lua</Filter>
    </ClCompile>
    <ClCompile Include="..\Libraries\lua\src\lutf8lib.c">
      <Filter>Source\Lua</Filter>
    </ClCompile>
    <ClCompile Include="..\Libraries\lua\src\lvm.c">
      <Filter>Source\Lua</Filter>
    </ClCompile>
    <ClCompile Include="..\Libraries\lua\src\lzio.c">
      <Filter>Source\Lua</Filter>
    </ClCompile>
    <ClCompile Include="Source\Renderer\SpriteRenderer.cpp">
      <Filter>Source\Renderer</Filter>
    </ClCompile>
    <ClCompile Include="Source\Renderer\OrthographicCamera.cpp">
      <Filter>Source\Renderer</Filter>
    </ClCompile>
    <ClCompile Include="Source\stb\stb_truetype.cpp">
      <Filter>Source\stb</Filter>
    </ClCompile>
    <ClCompile Include="Source\Renderer\Font.cpp">
      <Filter>Source\Renderer</Filter>
    </ClCompile>
    <ClCompile Include="Source\Renderer\TextRenderer.cpp">
      <Filter>Source\Renderer</Filter>
    </ClCompile>
    <ClCompile Include="Source\UI\Button.cpp">
      <Filter>Source\UI</Filter>
    </ClCompile>
    <ClCompile Include="Source\UI\Anchor.cpp">
      <Filter>Source\UI</Filter>
    </ClCompile>
    <ClCompile Include="Source\Resource\ResourceManager.cpp">
      <Filter>Source\Resource</Filter>
    </ClCompile>
    <ClCompile Include="Source\Lua\LuaBindings.cpp">
      <Filter>Source\LuaManager</Filter>
    </ClCompile>
    <ClCompile Include="Source\Lua\LuaManager.cpp">
      <Filter>Source\LuaManager</Filter>
    </ClCompile>
    <ClCompile Include="Source\Scene\GameObject.cpp">
      <Filter>Source\Scene</Filter>
    </ClCompile>
    <ClCompile Include="Source\Scene\Scene.cpp">
      <Filter>Source\Scene</Filter>
    </ClCompile>
    <ClCompile Include="Source\Scene\ScriptComponent.cpp">
      <Filter>Source\Scene</Filter>
    </ClCompile>
    <ClCompile Include="Source\Scene\Transform.cpp">
      <Filter>Source\Scene</Filter>
    </ClCompile>
    <ClCompile Include="Source\Input\InputSystem.cpp">
      <Filter>Source\Input</Filter>
    </ClCompile>
    <ClCompile Include="Source\Lua\LuaInputBindings.cpp">
      <Filter>Source\LuaManager</Filter>
    </ClCompile>
    <ClCompile Include="Source\Lua\LuaFuncBindings.cpp">
      <Filter>Source\LuaManager</Filter>
    </ClCompile>
  </ItemGroup>
  <ItemGroup>
    <None Include="..\Libraries\lua\src\Makefile">
      <Filter>Source\Lua</Filter>
    </None>
  </ItemGroup>
</Project>